
Microsoft Visual Studio Solution File, Format Version 12.00
# Visual Studio Version 17
VisualStudioVersion = 17.4.33213.308
MinimumVisualStudioVersion = 10.0.40219.1
Project("{FAE04EC0-301F-11D3-BF4B-00C04F79EFBC}") = "HomeWork_4", "HomeWork_4.csproj", "{5F007614-16DC-496F-BB99-533A51545BF0}"
EndProject
Global
	GlobalSection(SolutionConfigurationPlatforms) = preSolution
		Debug|Any CPU = Debug|Any CPU
		Release|Any CPU = Release|Any CPU
	EndGlobalSection
	GlobalSection(ProjectConfigurationPlatforms) = postSolution
		{5F007614-16DC-496F-BB99-533A51545BF0}.Debug|Any CPU.ActiveCfg = Debug|Any CPU
		{5F007614-16DC-496F-BB99-533A51545BF0}.Debug|Any CPU.Build.0 = Debug|Any CPU
		{5F007614-16DC-496F-BB99-533A51545BF0}.Release|Any CPU.ActiveCfg = Release|Any CPU
		{5F007614-16DC-496F-BB99-533A51545BF0}.Release|Any CPU.Build.0 = Release|Any CPU
	EndGlobalSection
	GlobalSection(SolutionProperties) = preSolution
		HideSolutionNode = FALSE
	EndGlobalSection
	GlobalSection(ExtensibilityGlobals) = postSolution
		SolutionGuid = {46C920DD-E914-4634-BB61-B97D377D4CE6}
	EndGlobalSection
EndGlobal
